// !$*UTF8*$!
{
	archiveVersion = 1;
	classes = {
	};
	objectVersion = 50;
	objects = {

/* Begin PBXBuildFile section */
		BEDBD3492C02399300A56328 /* AppDelegate.swift in Sources */ = {isa = PBXBuildFile; fileRef = BEDBD3482C02399300A56328 /* AppDelegate.swift */; };
		BEDBD34B2C02399300A56328 /* SceneDelegate.swift in Sources */ = {isa = PBXBuildFile; fileRef = BEDBD34A2C02399300A56328 /* SceneDelegate.swift */; };
		BEDBD34D2C02399300A56328 /* ViewController.swift in Sources */ = {isa = PBXBuildFile; fileRef = BEDBD34C2C02399300A56328 /* ViewController.swift */; };
		BEDBD3502C02399300A56328 /* Main.storyboard in Resources */ = {isa = PBXBuildFile; fileRef = BEDBD34E2C02399300A56328 /* Main.storyboard */; };
		BEDBD3522C02399500A56328 /* Assets.xcassets in Resources */ = {isa = PBXBuildFile; fileRef = BEDBD3512C02399500A56328 /* Assets.xcassets */; };
		BEDBD3552C02399500A56328 /* LaunchScreen.storyboard in Resources */ = {isa = PBXBuildFile; fileRef = BEDBD3532C02399500A56328 /* LaunchScreen.storyboard */; };
		BEDBD3602C02399500A56328 /* Project_05Tests.swift in Sources */ = {isa = PBXBuildFile; fileRef = BEDBD35F2C02399500A56328 /* Project_05Tests.swift */; };
		BEDBD36B2C02399500A56328 /* Project_05UITests.swift in Sources */ = {isa = PBXBuildFile; fileRef = BEDBD36A2C02399500A56328 /* Project_05UITests.swift */; };
/* End PBXBuildFile section */

/* Begin PBXContainerItemProxy section */
		BEDBD35C2C02399500A56328 /* PBXContainerItemProxy */ = {
			isa = PBXContainerItemProxy;
			containerPortal = BEDBD33D2C02399300A56328 /* Project object */;
			proxyType = 1;
			remoteGlobalIDString = BEDBD3442C02399300A56328;
			remoteInfo = "Project 05";
		};
		BEDBD3672C02399500A56328 /* PBXContainerItemProxy */ = {
			isa = PBXContainerItemProxy;
			containerPortal = BEDBD33D2C02399300A56328 /* Project object */;
			proxyType = 1;
			remoteGlobalIDString = BEDBD3442C02399300A56328;
			remoteInfo = "Project 05";
		};
/* End PBXContainerItemProxy section */

/* Begin PBXFileReference section */
		BEDBD3452C02399300A56328 /* Project 05.app */ = {isa = PBXFileReference; explicitFileType = wrapper.application; includeInIndex = 0; path = "Project 05.app"; sourceTree = BUILT_PRODUCTS_DIR; };
		BEDBD3482C02399300A56328 /* AppDelegate.swift */ = {isa = PBXFileReference; lastKnownFileType = sourcecode.swift; path = AppDelegate.swift; sourceTree = "<group>"; };
		BEDBD34A2C02399300A56328 /* SceneDelegate.swift */ = {isa = PBXFileReference; lastKnownFileType = sourcecode.swift; path = SceneDelegate.swift; sourceTree = "<group>"; };
		BEDBD34C2C02399300A56328 /* ViewController.swift */ = {isa = PBXFileReference; lastKnownFileType = sourcecode.swift; path = ViewController.swift; sourceTree = "<group>"; };
		BEDBD34F2C02399300A56328 /* Base */ = {isa = PBXFileReference; lastKnownFileType = file.storyboard; name = Base; path = Base.lproj/Main.storyboard; sourceTree = "<group>"; };
		BEDBD3512C02399500A56328 /* Assets.xcassets */ = {isa = PBXFileReference; lastKnownFileType = folder.assetcatalog; path = Assets.xcassets; sourceTree = "<group>"; };
		BEDBD3542C02399500A56328 /* Base */ = {isa = PBXFileReference; lastKnownFileType = file.storyboard; name = Base; path = Base.lproj/LaunchScreen.storyboard; sourceTree = "<group>"; };
		BEDBD3562C02399500A56328 /* Info.plist */ = {isa = PBXFileReference; lastKnownFileType = text.plist.xml; path = Info.plist; sourceTree = "<group>"; };
		BEDBD35B2C02399500A56328 /* Project 05Tests.xctest */ = {isa = PBXFileReference; explicitFileType = wrapper.cfbundle; includeInIndex = 0; path = "Project 05Tests.xctest"; sourceTree = BUILT_PRODUCTS_DIR; };
		BEDBD35F2C02399500A56328 /* Project_05Tests.swift */ = {isa = PBXFileReference; lastKnownFileType = sourcecode.swift; path = Project_05Tests.swift; sourceTree = "<group>"; };
		BEDBD3612C02399500A56328 /* Info.plist */ = {isa = PBXFileReference; lastKnownFileType = text.plist.xml; path = Info.plist; sourceTree = "<group>"; };
		BEDBD3662C02399500A56328 /* Project 05UITests.xctest */ = {isa = PBXFileReference; explicitFileType = wrapper.cfbundle; includeInIndex = 0; path = "Project 05UITests.xctest"; sourceTree = BUILT_PRODUCTS_DIR; };
		BEDBD36A2C02399500A56328 /* Project_05UITests.swift */ = {isa = PBXFileReference; lastKnownFileType = sourcecode.swift; path = Project_05UITests.swift; sourceTree = "<group>"; };
		BEDBD36C2C02399500A56328 /* Info.plist */ = {isa = PBXFileReference; lastKnownFileType = text.plist.xml; path = Info.plist; sourceTree = "<group>"; };
/* End PBXFileReference section */

/* Begin PBXFrameworksBuildPhase section */
		BEDBD3422C02399300A56328 /* Frameworks */ = {
			isa = PBXFrameworksBuildPhase;
			buildActionMask = 2147483647;
			files = (
			);
			runOnlyForDeploymentPostprocessing = 0;
		};
		BEDBD3582C02399500A56328 /* Frameworks */ = {
			isa = PBXFrameworksBuildPhase;
			buildActionMask = 2147483647;
			files = (
			);
			runOnlyForDeploymentPostprocessing = 0;
		};
		BEDBD3632C02399500A56328 /* Frameworks */ = {
			isa = PBXFrameworksBuildPhase;
			buildActionMask = 2147483647;
			files = (
			);
			runOnlyForDeploymentPostprocessing = 0;
		};
/* End PBXFrameworksBuildPhase section */

/* Begin PBXGroup section */
		BEDBD33C2C02399300A56328 = {
			isa = PBXGroup;
			children = (
				BEDBD3472C02399300A56328 /* Project 05 */,
				BEDBD35E2C02399500A56328 /* Project 05Tests */,
				BEDBD3692C02399500A56328 /* Project 05UITests */,
				BEDBD3462C02399300A56328 /* Products */,
			);
			sourceTree = "<group>";
		};
		BEDBD3462C02399300A56328 /* Products */ = {
			isa = PBXGroup;
			children = (
				BEDBD3452C02399300A56328 /* Project 05.app */,
				BEDBD35B2C02399500A56328 /* Project 05Tests.xctest */,
				BEDBD3662C02399500A56328 /* Project 05UITests.xctest */,
			);
			name = Products;
			sourceTree = "<group>";
		};
		BEDBD3472C02399300A56328 /* Project 05 */ = {
			isa = PBXGroup;
			children = (
				BEDBD3482C02399300A56328 /* AppDelegate.swift */,
				BEDBD34A2C02399300A56328 /* SceneDelegate.swift */,
				BEDBD34C2C02399300A56328 /* ViewController.swift */,
				BEDBD34E2C02399300A56328 /* Main.storyboard */,
				BEDBD3512C02399500A56328 /* Assets.xcassets */,
				BEDBD3532C02399500A56328 /* LaunchScreen.storyboard */,
				BEDBD3562C02399500A56328 /* Info.plist */,
			);
			path = "Project 05";
			sourceTree = "<group>";
		};
		BEDBD35E2C02399500A56328 /* Project 05Tests */ = {
			isa = PBXGroup;
			children = (
				BEDBD35F2C02399500A56328 /* Project_05Tests.swift */,
				BEDBD3612C02399500A56328 /* Info.plist */,
			);
			path = "Project 05Tests";
			sourceTree = "<group>";
		};
		BEDBD3692C02399500A56328 /* Project 05UITests */ = {
			isa = PBXGroup;
			children = (
				BEDBD36A2C02399500A56328 /* Project_05UITests.swift */,
				BEDBD36C2C02399500A56328 /* Info.plist */,
			);
			path = "Project 05UITests";
			sourceTree = "<group>";
		};
/* End PBXGroup section */

/* Begin PBXNativeTarget section */
		BEDBD3442C02399300A56328 /* Project 05 */ = {
			isa = PBXNativeTarget;
			buildConfigurationList = BEDBD36F2C02399500A56328 /* Build configuration list for PBXNativeTarget "Project 05" */;
			buildPhases = (
				BEDBD3412C02399300A56328 /* Sources */,
				BEDBD3422C02399300A56328 /* Frameworks */,
				BEDBD3432C02399300A56328 /* Resources */,
			);
			buildRules = (
			);
			dependencies = (
			);
			name = "Project 05";
			productName = "Project 05";
			productReference = BEDBD3452C02399300A56328 /* Project 05.app */;
			productType = "com.apple.product-type.application";
		};
		BEDBD35A2C02399500A56328 /* Project 05Tests */ = {
			isa = PBXNativeTarget;
			buildConfigurationList = BEDBD3722C02399500A56328 /* Build configuration list for PBXNativeTarget "Project 05Tests" */;
			buildPhases = (
				BEDBD3572C02399500A56328 /* Sources */,
				BEDBD3582C02399500A56328 /* Frameworks */,
				BEDBD3592C02399500A56328 /* Resources */,
			);
			buildRules = (
			);
			dependencies = (
				BEDBD35D2C02399500A56328 /* PBXTargetDependency */,
			);
			name = "Project 05Tests";
			productName = "Project 05Tests";
			productReference = BEDBD35B2C02399500A56328 /* Project 05Tests.xctest */;
			productType = "com.apple.product-type.bundle.unit-test";
		};
		BEDBD3652C02399500A56328 /* Project 05UITests */ = {
			isa = PBXNativeTarget;
			buildConfigurationList = BEDBD3752C02399500A56328 /* Build configuration list for PBXNativeTarget "Project 05UITests" */;
			buildPhases = (
				BEDBD3622C02399500A56328 /* Sources */,
				BEDBD3632C02399500A56328 /* Frameworks */,
				BEDBD3642C02399500A56328 /* Resources */,
			);
			buildRules = (
			);
			dependencies = (
				BEDBD3682C02399500A56328 /* PBXTargetDependency */,
			);
			name = "Project 05UITests";
			productName = "Project 05UITests";
			productReference = BEDBD3662C02399500A56328 /* Project 05UITests.xctest */;
			productType = "com.apple.product-type.bundle.ui-testing";
		};
/* End PBXNativeTarget section */

/* Begin PBXProject section */
		BEDBD33D2C02399300A56328 /* Project object */ = {
			isa = PBXProject;
			attributes = {
				LastSwiftUpdateCheck = 1240;
				LastUpgradeCheck = 1240;
				TargetAttributes = {
					BEDBD3442C02399300A56328 = {
						CreatedOnToolsVersion = 12.4;
					};
					BEDBD35A2C02399500A56328 = {
						CreatedOnToolsVersion = 12.4;
						TestTargetID = BEDBD3442C02399300A56328;
					};
					BEDBD3652C02399500A56328 = {
						CreatedOnToolsVersion = 12.4;
						TestTargetID = BEDBD3442C02399300A56328;
					};
				};
			};
			buildConfigurationList = BEDBD3402C02399300A56328 /* Build configuration list for PBXProject "Project 05" */;
			compatibilityVersion = "Xcode 9.3";
			developmentRegion = en;
			hasScannedForEncodings = 0;
			knownRegions = (
				en,
				Base,
			);
			mainGroup = BEDBD33C2C02399300A56328;
			productRefGroup = BEDBD3462C02399300A56328 /* Products */;
			projectDirPath = "";
			projectRoot = "";
			targets = (
				BEDBD3442C02399300A56328 /* Project 05 */,
				BEDBD35A2C02399500A56328 /* Project 05Tests */,
				BEDBD3652C02399500A56328 /* Project 05UITests */,
			);
		};
/* End PBXProject section */

/* Begin PBXResourcesBuildPhase section */
		BEDBD3432C02399300A56328 /* Resources */ = {
			isa = PBXResourcesBuildPhase;
			buildActionMask = 2147483647;
			files = (
				BEDBD3552C02399500A56328 /* LaunchScreen.storyboard in Resources */,
				BEDBD3522C02399500A56328 /* Assets.xcassets in Resources */,
				BEDBD3502C02399300A56328 /* Main.storyboard in Resources */,
			);
			runOnlyForDeploymentPostprocessing = 0;
		};
		BEDBD3592C02399500A56328 /* Resources */ = {
			isa = PBXResourcesBuildPhase;
			buildActionMask = 2147483647;
			files = (
			);
			runOnlyForDeploymentPostprocessing = 0;
		};
		BEDBD3642C02399500A56328 /* Resources */ = {
			isa = PBXResourcesBuildPhase;
			buildActionMask = 2147483647;
			files = (
			);
			runOnlyForDeploymentPostprocessing = 0;
		};
/* End PBXResourcesBuildPhase section */

/* Begin PBXSourcesBuildPhase section */
		BEDBD3412C02399300A56328 /* Sources */ = {
			isa = PBXSourcesBuildPhase;
			buildActionMask = 2147483647;
			files = (
				BEDBD34D2C02399300A56328 /* ViewController.swift in Sources */,
				BEDBD3492C02399300A56328 /* AppDelegate.swift in Sources */,
				BEDBD34B2C02399300A56328 /* SceneDelegate.swift in Sources */,
			);
			runOnlyForDeploymentPostprocessing = 0;
		};
		BEDBD3572C02399500A56328 /* Sources */ = {
			isa = PBXSourcesBuildPhase;
			buildActionMask = 2147483647;
			files = (
				BEDBD3602C02399500A56328 /* Project_05Tests.swift in Sources */,
			);
			runOnlyForDeploymentPostprocessing = 0;
		};
		BEDBD3622C02399500A56328 /* Sources */ = {
			isa = PBXSourcesBuildPhase;
			buildActionMask = 2147483647;
			files = (
				BEDBD36B2C02399500A56328 /* Project_05UITests.swift in Sources */,
			);
			runOnlyForDeploymentPostprocessing = 0;
		};
/* End PBXSourcesBuildPhase section */

/* Begin PBXTargetDependency section */
		BEDBD35D2C02399500A56328 /* PBXTargetDependency */ = {
			isa = PBXTargetDependency;
			target = BEDBD3442C02399300A56328 /* Project 05 */;
			targetProxy = BEDBD35C2C02399500A56328 /* PBXContainerItemProxy */;
		};
		BEDBD3682C02399500A56328 /* PBXTargetDependency */ = {
			isa = PBXTargetDependency;
			target = BEDBD3442C02399300A56328 /* Project 05 */;
			targetProxy = BEDBD3672C02399500A56328 /* PBXContainerItemProxy */;
		};
/* End PBXTargetDependency section */

/* Begin PBXVariantGroup section */
		BEDBD34E2C02399300A56328 /* Main.storyboard */ = {
			isa = PBXVariantGroup;
			children = (
				BEDBD34F2C02399300A56328 /* Base */,
			);
			name = Main.storyboard;
			sourceTree = "<group>";
		};
		BEDBD3532C02399500A56328 /* LaunchScreen.storyboard */ = {
			isa = PBXVariantGroup;
			children = (
				BEDBD3542C02399500A56328 /* Base */,
			);
			name = LaunchScreen.storyboard;
			sourceTree = "<group>";
		};
/* End PBXVariantGroup section */

/* Begin XCBuildConfiguration section */
		BEDBD36D2C02399500A56328 /* Debug */ = {
			isa = XCBuildConfiguration;
			buildSettings = {
				ALWAYS_SEARCH_USER_PATHS = NO;
				CLANG_ANALYZER_NONNULL = YES;
				CLANG_ANALYZER_NUMBER_OBJECT_CONVERSION = YES_AGGRESSIVE;
				CLANG_CXX_LANGUAGE_STANDARD = "gnu++14";
				CLANG_CXX_LIBRARY = "libc++";
				CLANG_ENABLE_MODULES = YES;
				CLANG_ENABLE_OBJC_ARC = YES;
				CLANG_ENABLE_OBJC_WEAK = YES;
				CLANG_WARN_BLOCK_CAPTURE_AUTORELEASING = YES;
				CLANG_WARN_BOOL_CONVERSION = YES;
				CLANG_WARN_COMMA = YES;
				CLANG_WARN_CONSTANT_CONVERSION = YES;
				CLANG_WARN_DEPRECATED_OBJC_IMPLEMENTATIONS = YES;
				CLANG_WARN_DIRECT_OBJC_ISA_USAGE = YES_ERROR;
				CLANG_WARN_DOCUMENTATION_COMMENTS = YES;
				CLANG_WARN_EMPTY_BODY = YES;
				CLANG_WARN_ENUM_CONVERSION = YES;
				CLANG_WARN_INFINITE_RECURSION = YES;
				CLANG_WARN_INT_CONVERSION = YES;
				CLANG_WARN_NON_LITERAL_NULL_CONVERSION = YES;
				CLANG_WARN_OBJC_IMPLICIT_RETAIN_SELF = YES;
				CLANG_WARN_OBJC_LITERAL_CONVERSION = YES;
				CLANG_WARN_OBJC_ROOT_CLASS = YES_ERROR;
				CLANG_WARN_QUOTED_INCLUDE_IN_FRAMEWORK_HEADER = YES;
				CLANG_WARN_RANGE_LOOP_ANALYSIS = YES;
				CLANG_WARN_STRICT_PROTOTYPES = YES;
				CLANG_WARN_SUSPICIOUS_MOVE = YES;
				CLANG_WARN_UNGUARDED_AVAILABILITY = YES_AGGRESSIVE;
				CLANG_WARN_UNREACHABLE_CODE = YES;
				CLANG_WARN__DUPLICATE_METHOD_MATCH = YES;
				COPY_PHASE_STRIP = NO;
				DEBUG_INFORMATION_FORMAT = dwarf;
				ENABLE_STRICT_OBJC_MSGSEND = YES;
				ENABLE_TESTABILITY = YES;
				GCC_C_LANGUAGE_STANDARD = gnu11;
				GCC_DYNAMIC_NO_PIC = NO;
				GCC_NO_COMMON_BLOCKS = YES;
				GCC_OPTIMIZATION_LEVEL = 0;
				GCC_PREPROCESSOR_DEFINITIONS = (
					"DEBUG=1",
					"$(inherited)",
				);
				GCC_WARN_64_TO_32_BIT_CONVERSION = YES;
				GCC_WARN_ABOUT_RETURN_TYPE = YES_ERROR;
				GCC_WARN_UNDECLARED_SELECTOR = YES;
				GCC_WARN_UNINITIALIZED_AUTOS = YES_AGGRESSIVE;
				GCC_WARN_UNUSED_FUNCTION = YES;
				GCC_WARN_UNUSED_VARIABLE = YES;
				IPHONEOS_DEPLOYMENT_TARGET = 14.4;
				MTL_ENABLE_DEBUG_INFO = INCLUDE_SOURCE;
				MTL_FAST_MATH = YES;
				ONLY_ACTIVE_ARCH = YES;
				SDKROOT = iphoneos;
				SWIFT_ACTIVE_COMPILATION_CONDITIONS = DEBUG;
				SWIFT_OPTIMIZATION_LEVEL = "-Onone";
			};
			name = Debug;
		};
		BEDBD36E2C02399500A56328 /* Release */ = {
			isa = XCBuildConfiguration;
			buildSettings = {
				ALWAYS_SEARCH_USER_PATHS = NO;
				CLANG_ANALYZER_NONNULL = YES;
				CLANG_ANALYZER_NUMBER_OBJECT_CONVERSION = YES_AGGRESSIVE;
				CLANG_CXX_LANGUAGE_STANDARD = "gnu++14";
				CLANG_CXX_LIBRARY = "libc++";
				CLANG_ENABLE_MODULES = YES;
				CLANG_ENABLE_OBJC_ARC = YES;
				CLANG_ENABLE_OBJC_WEAK = YES;
				CLANG_WARN_BLOCK_CAPTURE_AUTORELEASING = YES;
				CLANG_WARN_BOOL_CONVERSION = YES;
				CLANG_WARN_COMMA = YES;
				CLANG_WARN_CONSTANT_CONVERSION = YES;
				CLANG_WARN_DEPRECATED_OBJC_IMPLEMENTATIONS = YES;
				CLANG_WARN_DIRECT_OBJC_ISA_USAGE = YES_ERROR;
				CLANG_WARN_DOCUMENTATION_COMMENTS = YES;
				CLANG_WARN_EMPTY_BODY = YES;
				CLANG_WARN_ENUM_CONVERSION = YES;
				CLANG_WARN_INFINITE_RECURSION = YES;
				CLANG_WARN_INT_CONVERSION = YES;
				CLANG_WARN_NON_LITERAL_NULL_CONVERSION = YES;
				CLANG_WARN_OBJC_IMPLICIT_RETAIN_SELF = YES;
				CLANG_WARN_OBJC_LITERAL_CONVERSION = YES;
				CLANG_WARN_OBJC_ROOT_CLASS = YES_ERROR;
				CLANG_WARN_QUOTED_INCLUDE_IN_FRAMEWORK_HEADER = YES;
				CLANG_WARN_RANGE_LOOP_ANALYSIS = YES;
				CLANG_WARN_STRICT_PROTOTYPES = YES;
				CLANG_WARN_SUSPICIOUS_MOVE = YES;
				CLANG_WARN_UNGUARDED_AVAILABILITY = YES_AGGRESSIVE;
				CLANG_WARN_UNREACHABLE_CODE = YES;
				CLANG_WARN__DUPLICATE_METHOD_MATCH = YES;
				COPY_PHASE_STRIP = NO;
				DEBUG_INFORMATION_FORMAT = "dwarf-with-dsym";
				ENABLE_NS_ASSERTIONS = NO;
				ENABLE_STRICT_OBJC_MSGSEND = YES;
				GCC_C_LANGUAGE_STANDARD = gnu11;
				GCC_NO_COMMON_BLOCKS = YES;
				GCC_WARN_64_TO_32_BIT_CONVERSION = YES;
				GCC_WARN_ABOUT_RETURN_TYPE = YES_ERROR;
				GCC_WARN_UNDECLARED_SELECTOR = YES;
				GCC_WARN_UNINITIALIZED_AUTOS = YES_AGGRESSIVE;
				GCC_WARN_UNUSED_FUNCTION = YES;
				GCC_WARN_UNUSED_VARIABLE = YES;
				IPHONEOS_DEPLOYMENT_TARGET = 14.4;
				MTL_ENABLE_DEBUG_INFO = NO;
				MTL_FAST_MATH = YES;
				SDKROOT = iphoneos;
				SWIFT_COMPILATION_MODE = wholemodule;
				SWIFT_OPTIMIZATION_LEVEL = "-O";
				VALIDATE_PRODUCT = YES;
			};
			name = Release;
		};
		BEDBD3702C02399500A56328 /* Debug */ = {
			isa = XCBuildConfiguration;
			buildSettings = {
				ASSETCATALOG_COMPILER_APPICON_NAME = AppIcon;
				ASSETCATALOG_COMPILER_GLOBAL_ACCENT_COLOR_NAME = AccentColor;
				CODE_SIGN_STYLE = Automatic;
				INFOPLIST_FILE = "Project 05/Info.plist";
				LD_RUNPATH_SEARCH_PATHS = (
					"$(inherited)",
					"@executable_path/Frameworks",
				);
				PRODUCT_BUNDLE_IDENTIFIER = "SurajMeghwar.Project-05";
				PRODUCT_NAME = "$(TARGET_NAME)";
				SWIFT_VERSION = 5.0;
				TARGETED_DEVICE_FAMILY = "1,2";
			};
			name = Debug;
		};
		BEDBD3712C02399500A56328 /* Release */ = {
			isa = XCBuildConfiguration;
			buildSettings = {
				ASSETCATALOG_COMPILER_APPICON_NAME = AppIcon;
				ASSETCATALOG_COMPILER_GLOBAL_ACCENT_COLOR_NAME = AccentColor;
				CODE_SIGN_STYLE = Automatic;
				INFOPLIST_FILE = "Project 05/Info.plist";
				LD_RUNPATH_SEARCH_PATHS = (
					"$(inherited)",
					"@executable_path/Frameworks",
				);
				PRODUCT_BUNDLE_IDENTIFIER = "SurajMeghwar.Project-05";
				PRODUCT_NAME = "$(TARGET_NAME)";
				SWIFT_VERSION = 5.0;
				TARGETED_DEVICE_FAMILY = "1,2";
			};
			name = Release;
		};
		BEDBD3732C02399500A56328 /* Debug */ = {
			isa = XCBuildConfiguration;
			buildSettings = {
				ALWAYS_EMBED_SWIFT_STANDARD_LIBRARIES = YES;
				BUNDLE_LOADER = "$(TEST_HOST)";
				CODE_SIGN_STYLE = Automatic;
				INFOPLIST_FILE = "Project 05Tests/Info.plist";
				IPHONEOS_DEPLOYMENT_TARGET = 14.4;
				LD_RUNPATH_SEARCH_PATHS = (
					"$(inherited)",
					"@executable_path/Frameworks",
					"@loader_path/Frameworks",
				);
				PRODUCT_BUNDLE_IDENTIFIER = "SurajMeghwar.Project-05Tests";
				PRODUCT_NAME = "$(TARGET_NAME)";
				SWIFT_VERSION = 5.0;
				TARGETED_DEVICE_FAMILY = "1,2";
				TEST_HOST = "$(BUILT_PRODUCTS_DIR)/Project 05.app/Project 05";
			};
			name = Debug;
		};
		BEDBD3742C02399500A56328 /* Release */ = {
			isa = XCBuildConfiguration;
			buildSettings = {
				ALWAYS_EMBED_SWIFT_STANDARD_LIBRARIES = YES;
				BUNDLE_LOADER = "$(TEST_HOST)";
				CODE_SIGN_STYLE = Automatic;
				INFOPLIST_FILE = "Project 05Tests/Info.plist";
				IPHONEOS_DEPLOYMENT_TARGET = 14.4;
				LD_RUNPATH_SEARCH_PATHS = (
					"$(inherited)",
					"@executable_path/Frameworks",
					"@loader_path/Frameworks",
				);
				PRODUCT_BUNDLE_IDENTIFIER = "SurajMeghwar.Project-05Tests";
				PRODUCT_NAME = "$(TARGET_NAME)";
				SWIFT_VERSION = 5.0;
				TARGETED_DEVICE_FAMILY = "1,2";
				TEST_HOST = "$(BUILT_PRODUCTS_DIR)/Project 05.app/Project 05";
			};
			name = Release;
		};
		BEDBD3762C02399500A56328 /* Debug */ = {
			isa = XCBuildConfiguration;
			buildSettings = {
				ALWAYS_EMBED_SWIFT_STANDARD_LIBRARIES = YES;
				CODE_SIGN_STYLE = Automatic;
				INFOPLIST_FILE = "Project 05UITests/Info.plist";
				LD_RUNPATH_SEARCH_PATHS = (
					"$(inherited)",
					"@executable_path/Frameworks",
					"@loader_path/Frameworks",
				);
				PRODUCT_BUNDLE_IDENTIFIER = "SurajMeghwar.Project-05UITests";
				PRODUCT_NAME = "$(TARGET_NAME)";
				SWIFT_VERSION = 5.0;
				TARGETED_DEVICE_FAMILY = "1,2";
				TEST_TARGET_NAME = "Project 05";
			};
			name = Debug;
		};
		BEDBD3772C02399500A56328 /* Release */ = {
			isa = XCBuildConfiguration;
			buildSettings = {
				ALWAYS_EMBED_SWIFT_STANDARD_LIBRARIES = YES;
				CODE_SIGN_STYLE = Automatic;
				INFOPLIST_FILE = "Project 05UITests/Info.plist";
				LD_RUNPATH_SEARCH_PATHS = (
					"$(inherited)",
					"@executable_path/Frameworks",
					"@loader_path/Frameworks",
				);
				PRODUCT_BUNDLE_IDENTIFIER = "SurajMeghwar.Project-05UITests";
				PRODUCT_NAME = "$(TARGET_NAME)";
				SWIFT_VERSION = 5.0;
				TARGETED_DEVICE_FAMILY = "1,2";
				TEST_TARGET_NAME = "Project 05";
			};
			name = Release;
		};
/* End XCBuildConfiguration section */

/* Begin XCConfigurationList section */
		BEDBD3402C02399300A56328 /* Build configuration list for PBXProject "Project 05" */ = {
			isa = XCConfigurationList;
			buildConfigurations = (
				BEDBD36D2C02399500A56328 /* Debug */,
				BEDBD36E2C02399500A56328 /* Release */,
			);
			defaultConfigurationIsVisible = 0;
			defaultConfigurationName = Release;
		};
		BEDBD36F2C02399500A56328 /* Build configuration list for PBXNativeTarget "Project 05" */ = {
			isa = XCConfigurationList;
			buildConfigurations = (
				BEDBD3702C02399500A56328 /* Debug */,
				BEDBD3712C02399500A56328 /* Release */,
			);
			defaultConfigurationIsVisible = 0;
			defaultConfigurationName = Release;
		};
		BEDBD3722C02399500A56328 /* Build configuration list for PBXNativeTarget "Project 05Tests" */ = {
			isa = XCConfigurationList;
			buildConfigurations = (
				BEDBD3732C02399500A56328 /* Debug */,
				BEDBD3742C02399500A56328 /* Release */,
			);
			defaultConfigurationIsVisible = 0;
			defaultConfigurationName = Release;
		};
		BEDBD3752C02399500A56328 /* Build configuration list for PBXNativeTarget "Project 05UITests" */ = {
			isa = XCConfigurationList;
			buildConfigurations = (
				BEDBD3762C02399500A56328 /* Debug */,
				BEDBD3772C02399500A56328 /* Release */,
			);
			defaultConfigurationIsVisible = 0;
			defaultConfigurationName = Release;
		};
/* End XCConfigurationList section */
	};
	rootObject = BEDBD33D2C02399300A56328 /* Project object */;
}
